
Microsoft Visual Studio Solution File, Format Version 12.00
# Visual Studio 15
Project("{FAE04EC0-301F-11D3-BF4B-00C04F79EFBC}") = "Assembly-CSharp-Editor", "Assembly-CSharp-Editor.csproj", "{81C0B661-A582-14AC-ABEC-30CA8F9D3081}"
EndProject
Project("{FAE04EC0-301F-11D3-BF4B-00C04F79EFBC}") = "Assembly-CSharp", "Assembly-CSharp.csproj", "{BE0FBAD8-4C5D-E510-F445-4EF88BB6E261}"
EndProject
Global
	GlobalSection(SolutionConfigurationPlatforms) = preSolution
		Debug|Any CPU = Debug|Any CPU
		Release|Any CPU = Release|Any CPU
	EndGlobalSection
	GlobalSection(ProjectConfigurationPlatforms) = postSolution
		{81C0B661-A582-14AC-ABEC-30CA8F9D3081}.Debug|Any CPU.ActiveCfg = Debug|Any CPU
		{81C0B661-A582-14AC-ABEC-30CA8F9D3081}.Debug|Any CPU.Build.0 = Debug|Any CPU
		{81C0B661-A582-14AC-ABEC-30CA8F9D3081}.Release|Any CPU.ActiveCfg = Release|Any CPU
		{81C0B661-A582-14AC-ABEC-30CA8F9D3081}.Release|Any CPU.Build.0 = Release|Any CPU
		{BE0FBAD8-4C5D-E510-F445-4EF88BB6E261}.Debug|Any CPU.ActiveCfg = Debug|Any CPU
		{BE0FBAD8-4C5D-E510-F445-4EF88BB6E261}.Debug|Any CPU.Build.0 = Debug|Any CPU
		{BE0FBAD8-4C5D-E510-F445-4EF88BB6E261}.Release|Any CPU.ActiveCfg = Release|Any CPU
		{BE0FBAD8-4C5D-E510-F445-4EF88BB6E261}.Release|Any CPU.Build.0 = Release|Any CPU
	EndGlobalSection
	GlobalSection(SolutionProperties) = preSolution
		HideSolutionNode = FALSE
	EndGlobalSection
EndGlobal
